NeoBundleLock Dockerfile.vim 5d9ad157fa499798435cb90efc6a30d88aa16462
NeoBundleLock ctrlp.vim 8e4af9f748e985496b62ed5f7bc009c71c2eb1b1
NeoBundleLock editorconfig-vim 6e7011712398e53671e5a44edefeb68914562a3a
NeoBundleLock gruvbox 91bae6876031ececf151cc4f28aa5fb8c93681e4
NeoBundleLock neobundle.vim 6bf4fa1cf3cebfed76f5e300949faef0b78fbfbc
NeoBundleLock neosnippet-snippets 116fa4fd01e22b581fa6936914b97720463f14b6
NeoBundleLock neosnippet.vim ce3c3d209c38a6d87bbf1408d293e179f95e7bb8
NeoBundleLock vim-fugitive bdd216827ae53cdf70d933bb30762da9bf42cad4
NeoBundleLock vim-gitgutter 4bed1da6486f26324f97307e0f20574af0f549ea
