NeoBundleLock Dockerfile.vim cc324985f89e54e9dc4b2d4162b7b9964bdc5b32
NeoBundleLock ansible-vim 8540ad7ff0f8da2b31b5c55e6ae52ad87221e918
NeoBundleLock ctrlp.vim 7fa89fec125ce60a341f7c37dd769a8a31c49359
NeoBundleLock editorconfig-vim a459b8cfef00100da40fd69c8ae92c4d1e63e1d2
NeoBundleLock gruvbox 127c9d14d4bac1bac31e328b835a8919a255789c
NeoBundleLock neobundle.vim 88951d60547595606ea0ca8f28f643d2506f2714
NeoBundleLock neosnippet-snippets 4431bf176650696d5a8dd93814812afd0d06212c
NeoBundleLock neosnippet.vim 13c51ee885216619ab2dcd1a2c3790b83f85f27c
NeoBundleLock rainbow 906094f73a46ab4636806541b50c5d4182fa09e1
NeoBundleLock vim-fugitive b754bc2031f21a532c083dd0d072ba373bbe3a37
NeoBundleLock vim-gitgutter 77aa7ea225b41f0121719fcc166cc9087f39f78e
NeoBundleLock vim-go 3eb57ac3a8e02a3d6e2bfba981144c6e1af3545b
NeoBundleLock vim-snippets 8f5a51ac2581a4b81e5be79f9c330fa204a3759a
