NeoBundleLock Dockerfile.vim bdd0f399a774da5daef4eb6203764ac6907ea009
NeoBundleLock ansible-vim 8540ad7ff0f8da2b31b5c55e6ae52ad87221e918
NeoBundleLock ctrlp.vim 2868678a987834563bbc384763135462c2423eb8
NeoBundleLock editorconfig-vim a459b8cfef00100da40fd69c8ae92c4d1e63e1d2
NeoBundleLock gruvbox 127c9d14d4bac1bac31e328b835a8919a255789c
NeoBundleLock neobundle.vim 88951d60547595606ea0ca8f28f643d2506f2714
NeoBundleLock neosnippet-snippets 4431bf176650696d5a8dd93814812afd0d06212c
NeoBundleLock neosnippet.vim c179a51f024e27edf4354a52ff8b9fa69c4c803c
NeoBundleLock rainbow 906094f73a46ab4636806541b50c5d4182fa09e1
NeoBundleLock vim-fugitive b754bc2031f21a532c083dd0d072ba373bbe3a37
NeoBundleLock vim-gitgutter 7b81a8a22607f073b76b106e2d5e63cc936b0d25
NeoBundleLock vim-go e46dd4dde10d72c16dffd9c4312ce033760cc3ec
NeoBundleLock vim-snippets 5f1849962a393aaf479f90574b7f344e9480d51f
